github.com/myakun/numbers v1.0.0 h1:Ayfu9rLSmNyl23wOAQRx3nx4D3pfVUvpEOyO7eLxR6Q=
github.com/myakun/numbers v1.0.0/go.mod h1:jXntpl4omvceJWv5xBAtl7nIfYyzoEvVr2fuUtLCUrw=
github.com/myakun/numbers/v2 v2.0.0 h1:IpkvlJIamtpnJOZZGM7txldKfqkYMd8ZVss7sOYB9m0=
github.com/myakun/numbers/v2 v2.0.0/go.mod h1://O4Dna+frB6pvsOQ76rX4jKvJ8scbOCmfCabSlzJNc=
